
Microsoft Visual Studio Solution File, Format Version 12.00
# Visual Studio 15
VisualStudioVersion = 15.0.27130.2020
MinimumVisualStudioVersion = 10.0.40219.1
Project("{2150E333-8FDC-42A3-9474-1A3956D46DE8}") = "4.Infra", "4.Infra", "{60DCDCA9-C16A-4318-A244-E8503F25A869}"
EndProject
Project("{FAE04EC0-301F-11D3-BF4B-00C04F79EFBC}") = "Data", "Data\Data.csproj", "{55D388BD-9549-43D4-AED3-21FE4B9C46F0}"
EndProject
Project("{FAE04EC0-301F-11D3-BF4B-00C04F79EFBC}") = "Data.Test", "Data.Test\Data.Test.csproj", "{378007D6-302E-47A1-B12B-628B45EDA4D2}"
EndProject
Project("{2150E333-8FDC-42A3-9474-1A3956D46DE8}") = "3.BusinessServices", "3.BusinessServices", "{65FE94EB-8498-4B72-B111-0ED89DBCED0D}"
EndProject
Project("{FAE04EC0-301F-11D3-BF4B-00C04F79EFBC}") = "Services", "Services\Services.csproj", "{1C7F81F2-9C3F-4FB1-9FC8-0DB0AADA3E9E}"
EndProject
Project("{2150E333-8FDC-42A3-9474-1A3956D46DE8}") = "1.General", "1.General", "{8D81C4F3-B941-49E2-8756-3BDBA90D3C4E}"
EndProject
Project("{FAE04EC0-301F-11D3-BF4B-00C04F79EFBC}") = "DataTransferObject", "DataTransferObject\DataTransferObject.csproj", "{C2CCB44A-FADD-41F4-84C0-5B1962BDDACD}"
EndProject
Project("{FAE04EC0-301F-11D3-BF4B-00C04F79EFBC}") = "Enumerations", "Enumerations\Enumerations.csproj", "{EF2B1926-FB2A-4B26-A01F-1A1752502025}"
EndProject
Project("{FAE04EC0-301F-11D3-BF4B-00C04F79EFBC}") = "Services.Test", "Services.Test\Services.Test.csproj", "{88F2A9ED-6FA8-454A-B0E5-FED06B2E64A4}"
EndProject
Project("{2150E333-8FDC-42A3-9474-1A3956D46DE8}") = "0.UI", "0.UI", "{700E8E75-F53F-4336-819F-A69012BC6EB7}"
EndProject
Project("{FAE04EC0-301F-11D3-BF4B-00C04F79EFBC}") = "TaskManager.UI.Web", "TaskManager.UI.Web\TaskManager.UI.Web.csproj", "{E79AFB8B-8A24-4D12-A060-43F6C7EDC8D1}"
EndProject
Global
	GlobalSection(SolutionConfigurationPlatforms) = preSolution
		Debug|Any CPU = Debug|Any CPU
		Release|Any CPU = Release|Any CPU
	EndGlobalSection
	GlobalSection(ProjectConfigurationPlatforms) = postSolution
		{55D388BD-9549-43D4-AED3-21FE4B9C46F0}.Debug|Any CPU.ActiveCfg = Debug|Any CPU
		{55D388BD-9549-43D4-AED3-21FE4B9C46F0}.Debug|Any CPU.Build.0 = Debug|Any CPU
		{55D388BD-9549-43D4-AED3-21FE4B9C46F0}.Release|Any CPU.ActiveCfg = Release|Any CPU
		{55D388BD-9549-43D4-AED3-21FE4B9C46F0}.Release|Any CPU.Build.0 = Release|Any CPU
		{378007D6-302E-47A1-B12B-628B45EDA4D2}.Debug|Any CPU.ActiveCfg = Debug|Any CPU
		{378007D6-302E-47A1-B12B-628B45EDA4D2}.Debug|Any CPU.Build.0 = Debug|Any CPU
		{378007D6-302E-47A1-B12B-628B45EDA4D2}.Release|Any CPU.ActiveCfg = Release|Any CPU
		{378007D6-302E-47A1-B12B-628B45EDA4D2}.Release|Any CPU.Build.0 = Release|Any CPU
		{1C7F81F2-9C3F-4FB1-9FC8-0DB0AADA3E9E}.Debug|Any CPU.ActiveCfg = Debug|Any CPU
		{1C7F81F2-9C3F-4FB1-9FC8-0DB0AADA3E9E}.Debug|Any CPU.Build.0 = Debug|Any CPU
		{1C7F81F2-9C3F-4FB1-9FC8-0DB0AADA3E9E}.Release|Any CPU.ActiveCfg = Release|Any CPU
		{1C7F81F2-9C3F-4FB1-9FC8-0DB0AADA3E9E}.Release|Any CPU.Build.0 = Release|Any CPU
		{C2CCB44A-FADD-41F4-84C0-5B1962BDDACD}.Debug|Any CPU.ActiveCfg = Debug|Any CPU
		{C2CCB44A-FADD-41F4-84C0-5B1962BDDACD}.Debug|Any CPU.Build.0 = Debug|Any CPU
		{C2CCB44A-FADD-41F4-84C0-5B1962BDDACD}.Release|Any CPU.ActiveCfg = Release|Any CPU
		{C2CCB44A-FADD-41F4-84C0-5B1962BDDACD}.Release|Any CPU.Build.0 = Release|Any CPU
		{EF2B1926-FB2A-4B26-A01F-1A1752502025}.Debug|Any CPU.ActiveCfg = Debug|Any CPU
		{EF2B1926-FB2A-4B26-A01F-1A1752502025}.Debug|Any CPU.Build.0 = Debug|Any CPU
		{EF2B1926-FB2A-4B26-A01F-1A1752502025}.Release|Any CPU.ActiveCfg = Release|Any CPU
		{EF2B1926-FB2A-4B26-A01F-1A1752502025}.Release|Any CPU.Build.0 = Release|Any CPU
		{88F2A9ED-6FA8-454A-B0E5-FED06B2E64A4}.Debug|Any CPU.ActiveCfg = Debug|Any CPU
		{88F2A9ED-6FA8-454A-B0E5-FED06B2E64A4}.Debug|Any CPU.Build.0 = Debug|Any CPU
		{88F2A9ED-6FA8-454A-B0E5-FED06B2E64A4}.Release|Any CPU.ActiveCfg = Release|Any CPU
		{88F2A9ED-6FA8-454A-B0E5-FED06B2E64A4}.Release|Any CPU.Build.0 = Release|Any CPU
		{E79AFB8B-8A24-4D12-A060-43F6C7EDC8D1}.Debug|Any CPU.ActiveCfg = Debug|Any CPU
		{E79AFB8B-8A24-4D12-A060-43F6C7EDC8D1}.Debug|Any CPU.Build.0 = Debug|Any CPU
		{E79AFB8B-8A24-4D12-A060-43F6C7EDC8D1}.Release|Any CPU.ActiveCfg = Release|Any CPU
		{E79AFB8B-8A24-4D12-A060-43F6C7EDC8D1}.Release|Any CPU.Build.0 = Release|Any CPU
	EndGlobalSection
	GlobalSection(SolutionProperties) = preSolution
		HideSolutionNode = FALSE
	EndGlobalSection
	GlobalSection(NestedProjects) = preSolution
		{55D388BD-9549-43D4-AED3-21FE4B9C46F0} = {60DCDCA9-C16A-4318-A244-E8503F25A869}
		{378007D6-302E-47A1-B12B-628B45EDA4D2} = {60DCDCA9-C16A-4318-A244-E8503F25A869}
		{1C7F81F2-9C3F-4FB1-9FC8-0DB0AADA3E9E} = {65FE94EB-8498-4B72-B111-0ED89DBCED0D}
		{C2CCB44A-FADD-41F4-84C0-5B1962BDDACD} = {8D81C4F3-B941-49E2-8756-3BDBA90D3C4E}
		{EF2B1926-FB2A-4B26-A01F-1A1752502025} = {8D81C4F3-B941-49E2-8756-3BDBA90D3C4E}
		{88F2A9ED-6FA8-454A-B0E5-FED06B2E64A4} = {65FE94EB-8498-4B72-B111-0ED89DBCED0D}
		{E79AFB8B-8A24-4D12-A060-43F6C7EDC8D1} = {700E8E75-F53F-4336-819F-A69012BC6EB7}
	EndGlobalSection
	GlobalSection(ExtensibilityGlobals) = postSolution
		SolutionGuid = {80A83641-71BA-40DC-A48A-F4EACF5FF820}
	EndGlobalSection
EndGlobal
